
Microsoft Visual Studio Solution File, Format Version 12.00
# Visual Studio Version 17
VisualStudioVersion = 17.8.34322.80
MinimumVisualStudioVersion = 10.0.40219.1
Project("{9A19103F-16F7-4668-BE54-9A1E7A4F7556}") = "task 1", "ConsoleApp3\task 1.csproj", "{EA11169B-BDC2-4134-B929-BF614866B85F}"
EndProject
Global
	GlobalSection(SolutionConfigurationPlatforms) = preSolution
		Debug|Any CPU = Debug|Any CPU
		Release|Any CPU = Release|Any CPU
	EndGlobalSection
	GlobalSection(ProjectConfigurationPlatforms) = postSolution
		{EA11169B-BDC2-4134-B929-BF614866B85F}.Debug|Any CPU.ActiveCfg = Debug|Any CPU
		{EA11169B-BDC2-4134-B929-BF614866B85F}.Debug|Any CPU.Build.0 = Debug|Any CPU
		{EA11169B-BDC2-4134-B929-BF614866B85F}.Release|Any CPU.ActiveCfg = Release|Any CPU
		{EA11169B-BDC2-4134-B929-BF614866B85F}.Release|Any CPU.Build.0 = Release|Any CPU
	EndGlobalSection
	GlobalSection(SolutionProperties) = preSolution
		HideSolutionNode = FALSE
	EndGlobalSection
	GlobalSection(ExtensibilityGlobals) = postSolution
		SolutionGuid = {5C091A4F-CBDA-4FC8-96E7-6ADFDD6D85F4}
	EndGlobalSection
EndGlobal
